version = 1
requires-python = ">=3.11"

[[package]]
name = "colorama"
version = "0.4.6"
source = { registry = "https://pypi.org/simple" }
sdist = { url = "https://files.pythonhosted.org/packages/d8/53/6f443c9a4a8358a93a6792e2acffb9d9d5cb0a5cfd8802644b7b1c9a02e4/colorama-0.4.6.tar.gz", hash = "sha256:08695f5cb7ed6e0531a20572697297273c47b8cae5a63ffc6d6ed5c201be6e44", size = 27697 }
wheels = [
    { url = "https://files.pythonhosted.org/packages/d1/d6/3965ed04c63042e047cb6a3e6ed1a63a35087b6a609aa3a15ed8ac56c221/colorama-0.4.6-py2.py3-none-any.whl", hash = "sha256:4f1d9991f5acc0ca119f9d443620b77f9d6b33703e51011c16baf57afb285fc6", size = 25335 },
]

[[package]]
name = "polars"
version = "1.12.0"
source = { registry = "https://pypi.org/simple" }
sdist = { url = "https://files.pythonhosted.org/packages/5f/df/55127a3099e990b45ce3a29ab6789a083451e76e7109fb754aad5525360b/polars-1.12.0.tar.gz", hash = "sha256:fb5c92de1a8f7d0a3f923fe48ea89eb518bdf55315ae917012350fa072bd64f4", size = 4090738 }
wheels = [
    { url = "https://files.pythonhosted.org/packages/6e/ae/77c7ec395d9361ae2086693af1947c9a2b21346ba3faf092bb154b735227/polars-1.12.0-cp39-abi3-macosx_10_12_x86_64.whl", hash = "sha256:8f3c4e4e423c373dda07b4c8a7ff12aa02094b524767d0ca306b1eba67f2d99e", size = 32923786 },
    { url = "https://files.pythonhosted.org/packages/97/1c/60736d5588309eb528c52538e116593cb275310bab82ba28702cd87a76d1/polars-1.12.0-cp39-abi3-macosx_11_0_arm64.whl", hash = "sha256:aa6f9862f0cec6353243920d9b8d858c21ec8f25f91af203dea6ff91980e140d", size = 28887255 },
    { url = "https://files.pythonhosted.org/packages/5a/3e/31257118e7e087fa27c230b8fadf8ff15d521140bf58558dc889ee0c9c5e/polars-1.12.0-cp39-abi3-manylinux_2_17_x86_64.manylinux2014_x86_64.whl", hash = "sha256:afb03647b5160737d2119532ee8ffe825de1d19d87f81bbbb005131786f7d59b", size = 34126501 },
    { url = "https://files.pythonhosted.org/packages/ad/e6/d03053e6064d262f2ec41172a5092b08fc20d10c059dda6c9460371cfd7e/polars-1.12.0-cp39-abi3-manylinux_2_24_aarch64.whl", hash = "sha256:ea96aba5eb3dab8f0e6abf05ab3fc2136b329261860ef8661d20f5456a2d78e0", size = 30479546 },
    { url = "https://files.pythonhosted.org/packages/d5/28/3d44ddf56a5c95272b202ce8aa0e9b818a1310e83525c4c29176b538ae7c/polars-1.12.0-cp39-abi3-win_amd64.whl", hash = "sha256:a228a4b320a36d03a9ec9dfe7241b6d80a2f119b2dceb1da953166655e4cf43c", size = 33790337 },
]

[[package]]
name = "tfidfextract"
version = "0.1.0"
source = { virtual = "." }
dependencies = [
    { name = "polars" },
    { name = "tqdm" },
    { name = "xlsxwriter" },
]

[package.metadata]
requires-dist = [
    { name = "polars", specifier = ">=1.12.0" },
    { name = "tqdm", specifier = ">=4.66.6" },
    { name = "xlsxwriter", specifier = ">=3.2.0" },
]

[[package]]
name = "tqdm"
version = "4.66.6"
source = { registry = "https://pypi.org/simple" }
dependencies = [
    { name = "colorama", marker = "platform_system == 'Windows'" },
]
sdist = { url = "https://files.pythonhosted.org/packages/e9/34/bef135b27fe1864993a5284ad001157ee9b5538e859ac90f5b0e8cc8c9ec/tqdm-4.66.6.tar.gz", hash = "sha256:4bdd694238bef1485ce839d67967ab50af8f9272aab687c0d7702a01da0be090", size = 169533 }
wheels = [
    { url = "https://files.pythonhosted.org/packages/41/73/02342de9c2d20922115f787e101527b831c0cffd2105c946c4a4826bcfd4/tqdm-4.66.6-py3-none-any.whl", hash = "sha256:223e8b5359c2efc4b30555531f09e9f2f3589bcd7fdd389271191031b49b7a63", size = 78326 },
]

[[package]]
name = "xlsxwriter"
version = "3.2.0"
source = { registry = "https://pypi.org/simple" }
sdist = { url = "https://files.pythonhosted.org/packages/a6/c3/b36fa44a0610a0f65d2e65ba6a262cbe2554b819f1449731971f7c16ea3c/XlsxWriter-3.2.0.tar.gz", hash = "sha256:9977d0c661a72866a61f9f7a809e25ebbb0fb7036baa3b9fe74afcfca6b3cb8c", size = 198732 }
wheels = [
    { url = "https://files.pythonhosted.org/packages/a7/ea/53d1fe468e63e092cf16e2c18d16f50c29851242f9dd12d6a66e0d7f0d02/XlsxWriter-3.2.0-py3-none-any.whl", hash = "sha256:ecfd5405b3e0e228219bcaf24c2ca0915e012ca9464a14048021d21a995d490e", size = 159925 },
]
